
Microsoft Visual Studio Solution File, Format Version 12.00
# Visual Studio 15
VisualStudioVersion = 15.0.26206.0
MinimumVisualStudioVersion = 10.0.40219.1
Project("{FAE04EC0-301F-11D3-BF4B-00C04F79EFBC}") = "URI_Dreieck", "URI-DreieckPlus\URI_Dreieck.csproj", "{71FD4951-5D85-4DB1-BF8F-517FA8CD3E7D}"
EndProject
Global
	GlobalSection(SolutionConfigurationPlatforms) = preSolution
		Debug|Any CPU = Debug|Any CPU
		Debug|x86 = Debug|x86
		Release 32bit|Any CPU = Release 32bit|Any CPU
		Release 32bit|x86 = Release 32bit|x86
		Release|Any CPU = Release|Any CPU
		Release|x86 = Release|x86
	EndGlobalSection
	GlobalSection(ProjectConfigurationPlatforms) = postSolution
		{71FD4951-5D85-4DB1-BF8F-517FA8CD3E7D}.Debug|Any CPU.ActiveCfg = Debug|Any CPU
		{71FD4951-5D85-4DB1-BF8F-517FA8CD3E7D}.Debug|Any CPU.Build.0 = Debug|Any CPU
		{71FD4951-5D85-4DB1-BF8F-517FA8CD3E7D}.Debug|x86.ActiveCfg = Debug|x86
		{71FD4951-5D85-4DB1-BF8F-517FA8CD3E7D}.Debug|x86.Build.0 = Debug|x86
		{71FD4951-5D85-4DB1-BF8F-517FA8CD3E7D}.Release 32bit|Any CPU.ActiveCfg = Release 32bit|Any CPU
		{71FD4951-5D85-4DB1-BF8F-517FA8CD3E7D}.Release 32bit|Any CPU.Build.0 = Release 32bit|Any CPU
		{71FD4951-5D85-4DB1-BF8F-517FA8CD3E7D}.Release 32bit|x86.ActiveCfg = Release 32bit|x86
		{71FD4951-5D85-4DB1-BF8F-517FA8CD3E7D}.Release 32bit|x86.Build.0 = Release 32bit|x86
		{71FD4951-5D85-4DB1-BF8F-517FA8CD3E7D}.Release|Any CPU.ActiveCfg = Release|Any CPU
		{71FD4951-5D85-4DB1-BF8F-517FA8CD3E7D}.Release|Any CPU.Build.0 = Release|Any CPU
		{71FD4951-5D85-4DB1-BF8F-517FA8CD3E7D}.Release|x86.ActiveCfg = Release|x86
		{71FD4951-5D85-4DB1-BF8F-517FA8CD3E7D}.Release|x86.Build.0 = Release|x86
	EndGlobalSection
	GlobalSection(SolutionProperties) = preSolution
		HideSolutionNode = FALSE
	EndGlobalSection
EndGlobal
